<?xml version="1.0" encoding="utf-8"?>
<Project ToolsVersion="4.0" xmlns="http://schemas.microsoft.com/developer/msbuild/2003">
  <ItemGroup>
    <Filter Include="소스 파일">
      <UniqueIdentifier>{4FC737F1-C7A5-4376-A066-2A32D752A2FF}</UniqueIdentifier>
      <Extensions>cpp;c;cc;cxx;def;odl;idl;hpj;bat;asm;asmx</Extensions>
    </Filter>
    <Filter Include="헤더 파일">
      <UniqueIdentifier>{93995380-89BD-4b04-88EB-625FBE52EBFB}</UniqueIdentifier>
      <Extensions>h;hh;hpp;hxx;hm;inl;inc;ipp;xsd</Extensions>
    </Filter>
    <Filter Include="리소스 파일">
      <UniqueIdentifier>{67DA6AB6-F800-4c08-8B7A-83BB121AAD01}</UniqueIdentifier>
      <Extensions>rc;ico;cur;bmp;dlg;rc2;rct;bin;rgs;gif;jpg;jpeg;jpe;resx;tiff;tif;png;wav;mfcribbon-ms</Extensions>
    </Filter>
  </ItemGroup>
  <ItemGroup>
    <ClCompile Include="P.17_Points.c">
      <Filter>소스 파일</Filter>
    </ClCompile>
    <ClCompile Include="P.17_Lines.c">
      <Filter>소스 파일</Filter>
    </ClCompile>
    <ClCompile Include="P.17_Linestrip.c">
      <Filter>소스 파일</Filter>
    </ClCompile>
    <ClCompile Include="P.17_LineLoop.c">
      <Filter>소스 파일</Filter>
    </ClCompile>
    <ClCompile Include="P.17_PolyGons.c">
      <Filter>소스 파일</Filter>
    </ClCompile>
    <ClCompile Include="P.17_Quads.c">
      <Filter>소스 파일</Filter>
    </ClCompile>
    <ClCompile Include="P.17_QuadsStrip.c">
      <Filter>소스 파일</Filter>
    </ClCompile>
    <ClCompile Include="P.17_Triangles.c">
      <Filter>소스 파일</Filter>
    </ClCompile>
    <ClCompile Include="P.17_Trianglestrip.c">
      <Filter>소스 파일</Filter>
    </ClCompile>
    <ClCompile Include="P.17_TriangleFan.c">
      <Filter>소스 파일</Filter>
    </ClCompile>
    <ClCompile Include="gluquadrics.c">
      <Filter>소스 파일</Filter>
    </ClCompile>
    <ClCompile Include="NURBS.c">
      <Filter>소스 파일</Filter>
    </ClCompile>
    <ClCompile Include="DisplayList.c">
      <Filter>소스 파일</Filter>
    </ClCompile>
    <ClCompile Include="GLUTModeling.c">
      <Filter>소스 파일</Filter>
    </ClCompile>
    <ClCompile Include="Sphere.c">
      <Filter>소스 파일</Filter>
    </ClCompile>
    <ClCompile Include="Cylinder.c">
      <Filter>소스 파일</Filter>
    </ClCompile>
    <ClCompile Include="Disk.c">
      <Filter>소스 파일</Filter>
    </ClCompile>
    <ClCompile Include="PartialDisk.c">
      <Filter>소스 파일</Filter>
    </ClCompile>
    <ClCompile Include="3-1네모그리기.c">
      <Filter>소스 파일</Filter>
    </ClCompile>
    <ClCompile Include="3-2_ReshapeCallback.c">
      <Filter>소스 파일</Filter>
    </ClCompile>
    <ClCompile Include="3D_Sierpinski gasket.c">
      <Filter>소스 파일</Filter>
    </ClCompile>
    <ClCompile Include="3D_tetrahedron Gasket.c">
      <Filter>소스 파일</Filter>
    </ClCompile>
    <ClCompile Include="5-2 Reshape Callback.c">
      <Filter>소스 파일</Filter>
    </ClCompile>
    <ClCompile Include="5-2 Keyboard Callback.c">
      <Filter>소스 파일</Filter>
    </ClCompile>
    <ClCompile Include="5-4 Mouse Callback.c">
      <Filter>소스 파일</Filter>
    </ClCompile>
    <ClCompile Include="5-5 Menu Callback.c">
      <Filter>소스 파일</Filter>
    </ClCompile>
    <ClCompile Include="설치확인.c">
      <Filter>소스 파일</Filter>
    </ClCompile>
    <ClCompile Include="KeyboardCallback 응용2.c">
      <Filter>소스 파일</Filter>
    </ClCompile>
    <ClCompile Include="IdleCallback.c">
      <Filter>소스 파일</Filter>
    </ClCompile>
    <ClCompile Include="TimerCallback.c">
      <Filter>소스 파일</Filter>
    </ClCompile>
    <ClCompile Include="실습6-1.c">
      <Filter>소스 파일</Filter>
    </ClCompile>
    <ClCompile Include="5-1태양계 모델링 확장.c">
      <Filter>소스 파일</Filter>
    </ClCompile>
    <ClCompile Include="5-2 로봇팔 응용.c">
      <Filter>소스 파일</Filter>
    </ClCompile>
    <ClCompile Include="5-4 gluLookAt() 실시간 제어.c">
      <Filter>소스 파일</Filter>
    </ClCompile>
    <ClCompile Include="5-3 전신 Can Robot 제작.c">
      <Filter>소스 파일</Filter>
    </ClCompile>
    <ClCompile Include="뷰폿 분할 응용.c">
      <Filter>소스 파일</Filter>
    </ClCompile>
    <ClCompile Include="코드9 실습.c">
      <Filter>소스 파일</Filter>
    </ClCompile>
    <ClCompile Include="DOG.h">
      <Filter>헤더 파일</Filter>
    </ClCompile>
    <ClCompile Include="TermProject.c">
      <Filter>소스 파일</Filter>
    </ClCompile>
  </ItemGroup>
  <ItemGroup>
    <ClInclude Include="Context.h">
      <Filter>헤더 파일</Filter>
    </ClInclude>
  </ItemGroup>
</Project>