
Microsoft Visual Studio Solution File, Format Version 12.00
# Visual Studio 15
VisualStudioVersion = 15.0.28307.271
MinimumVisualStudioVersion = 10.0.40219.1
Project("{8BC9CEB8-8B4A-11D0-8D11-00A0C91BC942}") = "자료구조 과제7", "자료구조 과제7\자료구조 과제7.vcxproj", "{E0DE0FFA-A4F5-4222-9DA8-9CF06224D288}"
EndProject
Global
	GlobalSection(SolutionConfigurationPlatforms) = preSolution
		Debug|x64 = Debug|x64
		Debug|x86 = Debug|x86
		Release|x64 = Release|x64
		Release|x86 = Release|x86
	EndGlobalSection
	GlobalSection(ProjectConfigurationPlatforms) = postSolution
		{E0DE0FFA-A4F5-4222-9DA8-9CF06224D288}.Debug|x64.ActiveCfg = Debug|x64
		{E0DE0FFA-A4F5-4222-9DA8-9CF06224D288}.Debug|x64.Build.0 = Debug|x64
		{E0DE0FFA-A4F5-4222-9DA8-9CF06224D288}.Debug|x86.ActiveCfg = Debug|Win32
		{E0DE0FFA-A4F5-4222-9DA8-9CF06224D288}.Debug|x86.Build.0 = Debug|Win32
		{E0DE0FFA-A4F5-4222-9DA8-9CF06224D288}.Release|x64.ActiveCfg = Release|x64
		{E0DE0FFA-A4F5-4222-9DA8-9CF06224D288}.Release|x64.Build.0 = Release|x64
		{E0DE0FFA-A4F5-4222-9DA8-9CF06224D288}.Release|x86.ActiveCfg = Release|Win32
		{E0DE0FFA-A4F5-4222-9DA8-9CF06224D288}.Release|x86.Build.0 = Release|Win32
	EndGlobalSection
	GlobalSection(SolutionProperties) = preSolution
		HideSolutionNode = FALSE
	EndGlobalSection
	GlobalSection(ExtensibilityGlobals) = postSolution
		SolutionGuid = {07EF2B3E-747E-4EB9-B6A6-8F1FBB37CA59}
	EndGlobalSection
EndGlobal
