
Microsoft Visual Studio Solution File, Format Version 12.00
# Visual Studio 15
VisualStudioVersion = 15.0.28307.271
MinimumVisualStudioVersion = 10.0.40219.1
Project("{8BC9CEB8-8B4A-11D0-8D11-00A0C91BC942}") = "자료구조13주차과제", "자료구조13주차과제\자료구조13주차과제.vcxproj", "{EF349074-D2C3-40CB-A193-9390EE98F6BF}"
EndProject
Global
	GlobalSection(SolutionConfigurationPlatforms) = preSolution
		Debug|x64 = Debug|x64
		Debug|x86 = Debug|x86
		Release|x64 = Release|x64
		Release|x86 = Release|x86
	EndGlobalSection
	GlobalSection(ProjectConfigurationPlatforms) = postSolution
		{EF349074-D2C3-40CB-A193-9390EE98F6BF}.Debug|x64.ActiveCfg = Debug|x64
		{EF349074-D2C3-40CB-A193-9390EE98F6BF}.Debug|x64.Build.0 = Debug|x64
		{EF349074-D2C3-40CB-A193-9390EE98F6BF}.Debug|x86.ActiveCfg = Debug|Win32
		{EF349074-D2C3-40CB-A193-9390EE98F6BF}.Debug|x86.Build.0 = Debug|Win32
		{EF349074-D2C3-40CB-A193-9390EE98F6BF}.Release|x64.ActiveCfg = Release|x64
		{EF349074-D2C3-40CB-A193-9390EE98F6BF}.Release|x64.Build.0 = Release|x64
		{EF349074-D2C3-40CB-A193-9390EE98F6BF}.Release|x86.ActiveCfg = Release|Win32
		{EF349074-D2C3-40CB-A193-9390EE98F6BF}.Release|x86.Build.0 = Release|Win32
	EndGlobalSection
	GlobalSection(SolutionProperties) = preSolution
		HideSolutionNode = FALSE
	EndGlobalSection
	GlobalSection(ExtensibilityGlobals) = postSolution
		SolutionGuid = {EFCBF181-A9AB-4D2C-AB47-784BB177A778}
	EndGlobalSection
EndGlobal
